
Microsoft Visual Studio Solution File, Format Version 12.00
# Visual Studio Version 17
VisualStudioVersion = 17.0.31903.59
MinimumVisualStudioVersion = 10.0.40219.1
Project("{FAE04EC0-301F-11D3-BF4B-00C04F79EFBC}") = "Dualcomp.Auth.Domain", "Dualcomp.Auth.Domain\Dualcomp.Auth.Domain.csproj", "{6624EA36-F214-41B1-ADA6-7A6090B2DA6E}"
EndProject
Project("{FAE04EC0-301F-11D3-BF4B-00C04F79EFBC}") = "Dualcomp.Auth.Application", "Dualcomp.Auth.Application\Dualcomp.Auth.Application.csproj", "{1E98946A-D792-486C-82AC-9E07FAC6FB5E}"
EndProject
Project("{FAE04EC0-301F-11D3-BF4B-00C04F79EFBC}") = "DualComp.Infraestructure", "DualComp.Infraestructure\DualComp.Infraestructure.csproj", "{C2813118-FEAC-4489-9A36-D3672485C53C}"
EndProject
Project("{FAE04EC0-301F-11D3-BF4B-00C04F79EFBC}") = "Dualcomp.Auth.DataAccess.EntityFramework", "Dualcomp.Auth.DataAccess.EntityFramework\Dualcomp.Auth.DataAccess.EntityFramework.csproj", "{A1B2C3D4-E5F6-7890-ABCD-EF1234567890}"
EndProject
Project("{FAE04EC0-301F-11D3-BF4B-00C04F79EFBC}") = "Dualcomp.Auth.WebApi", "Dualcomp.Auth.WebApi\Dualcomp.Auth.WebApi.csproj", "{DF0FDA06-5A89-4B5B-80CB-3645790E7C36}"
EndProject
Project("{FAE04EC0-301F-11D3-BF4B-00C04F79EFBC}") = "Dualcomp.Auth.UnitTests", "..\tests\UnitTests\Dualcomp.Auth.UnitTests.csproj", "{286AF380-DC95-468C-945D-B21057B12C93}"
EndProject
Project("{2150E333-8FDC-42A3-9474-1A3956D46DE8}") = "auth-app", "auth-app", "{02EA681E-C7D8-13C7-8484-4AC65E1B71E8}"
EndProject
Project("{FAE04EC0-301F-11D3-BF4B-00C04F79EFBC}") = "DualComp.Infraestructure.Data", "DualComp.Infraestructure.Data\DualComp.Infraestructure.Data.csproj", "{B757ABA3-9559-4046-B23C-8675A4B80D7D}"
EndProject
Project("{FAE04EC0-301F-11D3-BF4B-00C04F79EFBC}") = "DualComp.Infraestructure.Domain", "DualComp.Infraestructure.Domain\DualComp.Infraestructure.Domain.csproj", "{3BB757BE-4367-4B9B-A89B-9708634E081E}"
EndProject
Project("{2150E333-8FDC-42A3-9474-1A3956D46DE8}") = "infraestructure", "infraestructure", "{223797F5-A912-432E-91D8-7A1682A27CBC}"
EndProject
Project("{FAE04EC0-301F-11D3-BF4B-00C04F79EFBC}") = "DualComp.Infraestructure.Mail", "DualComp.Infraestructure.Mail\DualComp.Infraestructure.Mail.csproj", "{1C025F68-B618-E2C0-9826-80AA3C1F55D9}"
EndProject
Global
	GlobalSection(SolutionConfigurationPlatforms) = preSolution
		Debug|Any CPU = Debug|Any CPU
		Debug|x64 = Debug|x64
		Debug|x86 = Debug|x86
		Release|Any CPU = Release|Any CPU
		Release|x64 = Release|x64
		Release|x86 = Release|x86
	EndGlobalSection
	GlobalSection(ProjectConfigurationPlatforms) = postSolution
		{6624EA36-F214-41B1-ADA6-7A6090B2DA6E}.Debug|Any CPU.ActiveCfg = Debug|Any CPU
		{6624EA36-F214-41B1-ADA6-7A6090B2DA6E}.Debug|Any CPU.Build.0 = Debug|Any CPU
		{6624EA36-F214-41B1-ADA6-7A6090B2DA6E}.Debug|x64.ActiveCfg = Debug|Any CPU
		{6624EA36-F214-41B1-ADA6-7A6090B2DA6E}.Debug|x64.Build.0 = Debug|Any CPU
		{6624EA36-F214-41B1-ADA6-7A6090B2DA6E}.Debug|x86.ActiveCfg = Debug|Any CPU
		{6624EA36-F214-41B1-ADA6-7A6090B2DA6E}.Debug|x86.Build.0 = Debug|Any CPU
		{6624EA36-F214-41B1-ADA6-7A6090B2DA6E}.Release|Any CPU.ActiveCfg = Release|Any CPU
		{6624EA36-F214-41B1-ADA6-7A6090B2DA6E}.Release|Any CPU.Build.0 = Release|Any CPU
		{6624EA36-F214-41B1-ADA6-7A6090B2DA6E}.Release|x64.ActiveCfg = Release|Any CPU
		{6624EA36-F214-41B1-ADA6-7A6090B2DA6E}.Release|x64.Build.0 = Release|Any CPU
		{6624EA36-F214-41B1-ADA6-7A6090B2DA6E}.Release|x86.ActiveCfg = Release|Any CPU
		{6624EA36-F214-41B1-ADA6-7A6090B2DA6E}.Release|x86.Build.0 = Release|Any CPU
		{1E98946A-D792-486C-82AC-9E07FAC6FB5E}.Debug|Any CPU.ActiveCfg = Debug|Any CPU
		{1E98946A-D792-486C-82AC-9E07FAC6FB5E}.Debug|Any CPU.Build.0 = Debug|Any CPU
		{1E98946A-D792-486C-82AC-9E07FAC6FB5E}.Debug|x64.ActiveCfg = Debug|Any CPU
		{1E98946A-D792-486C-82AC-9E07FAC6FB5E}.Debug|x64.Build.0 = Debug|Any CPU
		{1E98946A-D792-486C-82AC-9E07FAC6FB5E}.Debug|x86.ActiveCfg = Debug|Any CPU
		{1E98946A-D792-486C-82AC-9E07FAC6FB5E}.Debug|x86.Build.0 = Debug|Any CPU
		{1E98946A-D792-486C-82AC-9E07FAC6FB5E}.Release|Any CPU.ActiveCfg = Release|Any CPU
		{1E98946A-D792-486C-82AC-9E07FAC6FB5E}.Release|Any CPU.Build.0 = Release|Any CPU
		{1E98946A-D792-486C-82AC-9E07FAC6FB5E}.Release|x64.ActiveCfg = Release|Any CPU
		{1E98946A-D792-486C-82AC-9E07FAC6FB5E}.Release|x64.Build.0 = Release|Any CPU
		{1E98946A-D792-486C-82AC-9E07FAC6FB5E}.Release|x86.ActiveCfg = Release|Any CPU
		{1E98946A-D792-486C-82AC-9E07FAC6FB5E}.Release|x86.Build.0 = Release|Any CPU
		{C2813118-FEAC-4489-9A36-D3672485C53C}.Debug|Any CPU.ActiveCfg = Debug|Any CPU
		{C2813118-FEAC-4489-9A36-D3672485C53C}.Debug|Any CPU.Build.0 = Debug|Any CPU
		{C2813118-FEAC-4489-9A36-D3672485C53C}.Debug|x64.ActiveCfg = Debug|Any CPU
		{C2813118-FEAC-4489-9A36-D3672485C53C}.Debug|x64.Build.0 = Debug|Any CPU
		{C2813118-FEAC-4489-9A36-D3672485C53C}.Debug|x86.ActiveCfg = Debug|Any CPU
		{C2813118-FEAC-4489-9A36-D3672485C53C}.Debug|x86.Build.0 = Debug|Any CPU
		{C2813118-FEAC-4489-9A36-D3672485C53C}.Release|Any CPU.ActiveCfg = Release|Any CPU
		{C2813118-FEAC-4489-9A36-D3672485C53C}.Release|Any CPU.Build.0 = Release|Any CPU
		{C2813118-FEAC-4489-9A36-D3672485C53C}.Release|x64.ActiveCfg = Release|Any CPU
		{C2813118-FEAC-4489-9A36-D3672485C53C}.Release|x64.Build.0 = Release|Any CPU
		{C2813118-FEAC-4489-9A36-D3672485C53C}.Release|x86.ActiveCfg = Release|Any CPU
		{C2813118-FEAC-4489-9A36-D3672485C53C}.Release|x86.Build.0 = Release|Any CPU
		{A1B2C3D4-E5F6-7890-ABCD-EF1234567890}.Debug|Any CPU.ActiveCfg = Debug|Any CPU
		{A1B2C3D4-E5F6-7890-ABCD-EF1234567890}.Debug|Any CPU.Build.0 = Debug|Any CPU
		{A1B2C3D4-E5F6-7890-ABCD-EF1234567890}.Debug|x64.ActiveCfg = Debug|Any CPU
		{A1B2C3D4-E5F6-7890-ABCD-EF1234567890}.Debug|x64.Build.0 = Debug|Any CPU
		{A1B2C3D4-E5F6-7890-ABCD-EF1234567890}.Debug|x86.ActiveCfg = Debug|Any CPU
		{A1B2C3D4-E5F6-7890-ABCD-EF1234567890}.Debug|x86.Build.0 = Debug|Any CPU
		{A1B2C3D4-E5F6-7890-ABCD-EF1234567890}.Release|Any CPU.ActiveCfg = Release|Any CPU
		{A1B2C3D4-E5F6-7890-ABCD-EF1234567890}.Release|Any CPU.Build.0 = Release|Any CPU
		{A1B2C3D4-E5F6-7890-ABCD-EF1234567890}.Release|x64.ActiveCfg = Release|Any CPU
		{A1B2C3D4-E5F6-7890-ABCD-EF1234567890}.Release|x64.Build.0 = Release|Any CPU
		{A1B2C3D4-E5F6-7890-ABCD-EF1234567890}.Release|x86.ActiveCfg = Release|Any CPU
		{A1B2C3D4-E5F6-7890-ABCD-EF1234567890}.Release|x86.Build.0 = Release|Any CPU
		{DF0FDA06-5A89-4B5B-80CB-3645790E7C36}.Debug|Any CPU.ActiveCfg = Debug|Any CPU
		{DF0FDA06-5A89-4B5B-80CB-3645790E7C36}.Debug|Any CPU.Build.0 = Debug|Any CPU
		{DF0FDA06-5A89-4B5B-80CB-3645790E7C36}.Debug|x64.ActiveCfg = Debug|Any CPU
		{DF0FDA06-5A89-4B5B-80CB-3645790E7C36}.Debug|x64.Build.0 = Debug|Any CPU
		{DF0FDA06-5A89-4B5B-80CB-3645790E7C36}.Debug|x86.ActiveCfg = Debug|Any CPU
		{DF0FDA06-5A89-4B5B-80CB-3645790E7C36}.Debug|x86.Build.0 = Debug|Any CPU
		{DF0FDA06-5A89-4B5B-80CB-3645790E7C36}.Release|Any CPU.ActiveCfg = Release|Any CPU
		{DF0FDA06-5A89-4B5B-80CB-3645790E7C36}.Release|Any CPU.Build.0 = Release|Any CPU
		{DF0FDA06-5A89-4B5B-80CB-3645790E7C36}.Release|x64.ActiveCfg = Release|Any CPU
		{DF0FDA06-5A89-4B5B-80CB-3645790E7C36}.Release|x64.Build.0 = Release|Any CPU
		{DF0FDA06-5A89-4B5B-80CB-3645790E7C36}.Release|x86.ActiveCfg = Release|Any CPU
		{DF0FDA06-5A89-4B5B-80CB-3645790E7C36}.Release|x86.Build.0 = Release|Any CPU
		{286AF380-DC95-468C-945D-B21057B12C93}.Debug|Any CPU.ActiveCfg = Debug|Any CPU
		{286AF380-DC95-468C-945D-B21057B12C93}.Debug|Any CPU.Build.0 = Debug|Any CPU
		{286AF380-DC95-468C-945D-B21057B12C93}.Debug|x64.ActiveCfg = Debug|Any CPU
		{286AF380-DC95-468C-945D-B21057B12C93}.Debug|x64.Build.0 = Debug|Any CPU
		{286AF380-DC95-468C-945D-B21057B12C93}.Debug|x86.ActiveCfg = Debug|Any CPU
		{286AF380-DC95-468C-945D-B21057B12C93}.Debug|x86.Build.0 = Debug|Any CPU
		{286AF380-DC95-468C-945D-B21057B12C93}.Release|Any CPU.ActiveCfg = Release|Any CPU
		{286AF380-DC95-468C-945D-B21057B12C93}.Release|Any CPU.Build.0 = Release|Any CPU
		{286AF380-DC95-468C-945D-B21057B12C93}.Release|x64.ActiveCfg = Release|Any CPU
		{286AF380-DC95-468C-945D-B21057B12C93}.Release|x64.Build.0 = Release|Any CPU
		{286AF380-DC95-468C-945D-B21057B12C93}.Release|x86.ActiveCfg = Release|Any CPU
		{286AF380-DC95-468C-945D-B21057B12C93}.Release|x86.Build.0 = Release|Any CPU
		{B757ABA3-9559-4046-B23C-8675A4B80D7D}.Debug|Any CPU.ActiveCfg = Debug|Any CPU
		{B757ABA3-9559-4046-B23C-8675A4B80D7D}.Debug|Any CPU.Build.0 = Debug|Any CPU
		{B757ABA3-9559-4046-B23C-8675A4B80D7D}.Debug|x64.ActiveCfg = Debug|Any CPU
		{B757ABA3-9559-4046-B23C-8675A4B80D7D}.Debug|x64.Build.0 = Debug|Any CPU
		{B757ABA3-9559-4046-B23C-8675A4B80D7D}.Debug|x86.ActiveCfg = Debug|Any CPU
		{B757ABA3-9559-4046-B23C-8675A4B80D7D}.Debug|x86.Build.0 = Debug|Any CPU
		{B757ABA3-9559-4046-B23C-8675A4B80D7D}.Release|Any CPU.ActiveCfg = Release|Any CPU
		{B757ABA3-9559-4046-B23C-8675A4B80D7D}.Release|Any CPU.Build.0 = Release|Any CPU
		{B757ABA3-9559-4046-B23C-8675A4B80D7D}.Release|x64.ActiveCfg = Release|Any CPU
		{B757ABA3-9559-4046-B23C-8675A4B80D7D}.Release|x64.Build.0 = Release|Any CPU
		{B757ABA3-9559-4046-B23C-8675A4B80D7D}.Release|x86.ActiveCfg = Release|Any CPU
		{B757ABA3-9559-4046-B23C-8675A4B80D7D}.Release|x86.Build.0 = Release|Any CPU
		{3BB757BE-4367-4B9B-A89B-9708634E081E}.Debug|Any CPU.ActiveCfg = Debug|Any CPU
		{3BB757BE-4367-4B9B-A89B-9708634E081E}.Debug|Any CPU.Build.0 = Debug|Any CPU
		{3BB757BE-4367-4B9B-A89B-9708634E081E}.Debug|x64.ActiveCfg = Debug|Any CPU
		{3BB757BE-4367-4B9B-A89B-9708634E081E}.Debug|x64.Build.0 = Debug|Any CPU
		{3BB757BE-4367-4B9B-A89B-9708634E081E}.Debug|x86.ActiveCfg = Debug|Any CPU
		{3BB757BE-4367-4B9B-A89B-9708634E081E}.Debug|x86.Build.0 = Debug|Any CPU
		{3BB757BE-4367-4B9B-A89B-9708634E081E}.Release|Any CPU.ActiveCfg = Release|Any CPU
		{3BB757BE-4367-4B9B-A89B-9708634E081E}.Release|Any CPU.Build.0 = Release|Any CPU
		{3BB757BE-4367-4B9B-A89B-9708634E081E}.Release|x64.ActiveCfg = Release|Any CPU
		{3BB757BE-4367-4B9B-A89B-9708634E081E}.Release|x64.Build.0 = Release|Any CPU
		{3BB757BE-4367-4B9B-A89B-9708634E081E}.Release|x86.ActiveCfg = Release|Any CPU
		{3BB757BE-4367-4B9B-A89B-9708634E081E}.Release|x86.Build.0 = Release|Any CPU
		{1C025F68-B618-E2C0-9826-80AA3C1F55D9}.Debug|Any CPU.ActiveCfg = Debug|Any CPU
		{1C025F68-B618-E2C0-9826-80AA3C1F55D9}.Debug|Any CPU.Build.0 = Debug|Any CPU
		{1C025F68-B618-E2C0-9826-80AA3C1F55D9}.Debug|x64.ActiveCfg = Debug|Any CPU
		{1C025F68-B618-E2C0-9826-80AA3C1F55D9}.Debug|x64.Build.0 = Debug|Any CPU
		{1C025F68-B618-E2C0-9826-80AA3C1F55D9}.Debug|x86.ActiveCfg = Debug|Any CPU
		{1C025F68-B618-E2C0-9826-80AA3C1F55D9}.Debug|x86.Build.0 = Debug|Any CPU
		{1C025F68-B618-E2C0-9826-80AA3C1F55D9}.Release|Any CPU.ActiveCfg = Release|Any CPU
		{1C025F68-B618-E2C0-9826-80AA3C1F55D9}.Release|Any CPU.Build.0 = Release|Any CPU
		{1C025F68-B618-E2C0-9826-80AA3C1F55D9}.Release|x64.ActiveCfg = Release|Any CPU
		{1C025F68-B618-E2C0-9826-80AA3C1F55D9}.Release|x64.Build.0 = Release|Any CPU
		{1C025F68-B618-E2C0-9826-80AA3C1F55D9}.Release|x86.ActiveCfg = Release|Any CPU
		{1C025F68-B618-E2C0-9826-80AA3C1F55D9}.Release|x86.Build.0 = Release|Any CPU
	EndGlobalSection
	GlobalSection(SolutionProperties) = preSolution
		HideSolutionNode = FALSE
	EndGlobalSection
	GlobalSection(NestedProjects) = preSolution
		{6624EA36-F214-41B1-ADA6-7A6090B2DA6E} = {02EA681E-C7D8-13C7-8484-4AC65E1B71E8}
		{1E98946A-D792-486C-82AC-9E07FAC6FB5E} = {02EA681E-C7D8-13C7-8484-4AC65E1B71E8}
		{C2813118-FEAC-4489-9A36-D3672485C53C} = {223797F5-A912-432E-91D8-7A1682A27CBC}
		{A1B2C3D4-E5F6-7890-ABCD-EF1234567890} = {02EA681E-C7D8-13C7-8484-4AC65E1B71E8}
		{DF0FDA06-5A89-4B5B-80CB-3645790E7C36} = {02EA681E-C7D8-13C7-8484-4AC65E1B71E8}
		{286AF380-DC95-468C-945D-B21057B12C93} = {02EA681E-C7D8-13C7-8484-4AC65E1B71E8}
		{B757ABA3-9559-4046-B23C-8675A4B80D7D} = {223797F5-A912-432E-91D8-7A1682A27CBC}
		{3BB757BE-4367-4B9B-A89B-9708634E081E} = {223797F5-A912-432E-91D8-7A1682A27CBC}
		{1C025F68-B618-E2C0-9826-80AA3C1F55D9} = {223797F5-A912-432E-91D8-7A1682A27CBC}
	EndGlobalSection
	GlobalSection(ExtensibilityGlobals) = postSolution
		SolutionGuid = {F365D2A0-2D57-4A61-9B30-932DF6C9CE2E}
	EndGlobalSection
EndGlobal
